# This file is automatically @generated by Cargo.
# It is not intended for manual editing.
version = 4

[[package]]
name = "gfx"
version = "0.1.0"
dependencies = [
 "glm",
]

[[package]]
name = "glm"
version = "0.1.0"
source = "git+https://github.com/tavispalmer/glm-rs.git#5aff7c58ca8cbd03788f06c9df37d2d674202df2"

[[package]]
name = "smw"
version = "0.1.0"
dependencies = [
 "gfx",
]
