# This file is automatically @generated by Cargo.
# It is not intended for manual editing.
version = 4

[[package]]
name = "sdl3-sys"
version = "0.6.5+SDL-3.4.8"
source = "registry+https://github.com/rust-lang/crates.io-index"
checksum = "51ca7a36c908d1d2b6c259d426a5000fbb70e764dcc430f6a373cc151f614f68"

[[package]]
name = "smw"
version = "0.1.0"
dependencies = [
 "sdl3-sys",
]
